Microsoft Visual Studio Solution File, Format Version 12.00
# Visual Studio Version 17
VisualStudioVersion = 17.5.2.0
MinimumVisualStudioVersion = 10.0.40219.1
Project("{FAE04EC0-301F-11D3-BF4B-00C04F79EFBC}") = "WordMaster", "backend\Endpoints.csproj", "{4B96AA2B-DCC9-5B09-0378-5A85B85556A6}"
EndProject
Global
	GlobalSection(SolutionConfigurationPlatforms) = preSolution
		Debug|Any CPU = Debug|Any CPU
		Release|Any CPU = Release|Any CPU
	EndGlobalSection
	GlobalSection(ProjectConfigurationPlatforms) = postSolution
		{4B96AA2B-DCC9-5B09-0378-5A85B85556A6}.Debug|Any CPU.ActiveCfg = Debug|Any CPU
		{4B96AA2B-DCC9-5B09-0378-5A85B85556A6}.Debug|Any CPU.Build.0 = Debug|Any CPU
		{4B96AA2B-DCC9-5B09-0378-5A85B85556A6}.Release|Any CPU.ActiveCfg = Release|Any CPU
		{4B96AA2B-DCC9-5B09-0378-5A85B85556A6}.Release|Any CPU.Build.0 = Release|Any CPU
	EndGlobalSection
	GlobalSection(SolutionProperties) = preSolution
		HideSolutionNode = FALSE
	EndGlobalSection
	GlobalSection(ExtensibilityGlobals) = postSolution
		SolutionGuid = {57AF73AC-C95A-4DE3-9A3C-912AD43CCE27}
	EndGlobalSection
EndGlobal
